
Microsoft Visual Studio Solution File, Format Version 12.00
# Visual Studio 15
VisualStudioVersion = 15.0.26430.16
MinimumVisualStudioVersion = 10.0.40219.1
Project("{FAE04EC0-301F-11D3-BF4B-00C04F79EFBC}") = "ELSM Project", "ELSM Project\ELSM Project.csproj", "{B036EA35-9F87-4464-A7D7-A71562EB3911}"
EndProject
Global
	GlobalSection(SolutionConfigurationPlatforms) = preSolution
		Debug|Any CPU = Debug|Any CPU
		Release|Any CPU = Release|Any CPU
	EndGlobalSection
	GlobalSection(ProjectConfigurationPlatforms) = postSolution
		{B036EA35-9F87-4464-A7D7-A71562EB3911}.Debug|Any CPU.ActiveCfg = Debug|Any CPU
		{B036EA35-9F87-4464-A7D7-A71562EB3911}.Debug|Any CPU.Build.0 = Debug|Any CPU
		{B036EA35-9F87-4464-A7D7-A71562EB3911}.Release|Any CPU.ActiveCfg = Release|Any CPU
		{B036EA35-9F87-4464-A7D7-A71562EB3911}.Release|Any CPU.Build.0 = Release|Any CPU
	EndGlobalSection
	GlobalSection(SolutionProperties) = preSolution
		HideSolutionNode = FALSE
	EndGlobalSection
EndGlobal
